
Microsoft Visual Studio Solution File, Format Version 12.00
# Visual Studio Version 17
VisualStudioVersion = 17.9.34728.123
MinimumVisualStudioVersion = 10.0.40219.1
Project("{FAE04EC0-301F-11D3-BF4B-00C04F79EFBC}") = "BlazeFX", "BlazeFX\BlazeFX.csproj", "{4E5C31BB-E4D1-488A-B000-69A400BC9D39}"
EndProject
Global
	GlobalSection(SolutionConfigurationPlatforms) = preSolution
		Debug|Any CPU = Debug|Any CPU
		Release|Any CPU = Release|Any CPU
	EndGlobalSection
	GlobalSection(ProjectConfigurationPlatforms) = postSolution
		{4E5C31BB-E4D1-488A-B000-69A400BC9D39}.Debug|Any CPU.ActiveCfg = Debug|Any CPU
		{4E5C31BB-E4D1-488A-B000-69A400BC9D39}.Debug|Any CPU.Build.0 = Debug|Any CPU
		{4E5C31BB-E4D1-488A-B000-69A400BC9D39}.Release|Any CPU.ActiveCfg = Release|Any CPU
		{4E5C31BB-E4D1-488A-B000-69A400BC9D39}.Release|Any CPU.Build.0 = Release|Any CPU
	EndGlobalSection
	GlobalSection(SolutionProperties) = preSolution
		HideSolutionNode = FALSE
	EndGlobalSection
	GlobalSection(ExtensibilityGlobals) = postSolution
		SolutionGuid = {CF32D049-4BEA-4959-BEE4-B7E4C6C2857B}
	EndGlobalSection
EndGlobal
