
Microsoft Visual Studio Solution File, Format Version 12.00
# Visual Studio Version 17
VisualStudioVersion = 17.11.35327.3
MinimumVisualStudioVersion = 10.0.40219.1
Project("{9A19103F-16F7-4668-BE54-9A1E7A4F7556}") = "BlazeFX", "BlazeFX.csproj", "{65327ED1-D58D-43A3-80C5-5A699BA5BDA0}"
EndProject
Project("{FAE04EC0-301F-11D3-BF4B-00C04F79EFBC}") = "BlazeFX.Tests", "..\BlazeFX.Tests\BlazeFX.Tests.csproj", "{C7422C4B-5630-4DB8-9B04-2FC70534AD10}"
EndProject
Global
	GlobalSection(SolutionConfigurationPlatforms) = preSolution
		Debug|Any CPU = Debug|Any CPU
		Release|Any CPU = Release|Any CPU
	EndGlobalSection
	GlobalSection(ProjectConfigurationPlatforms) = postSolution
		{65327ED1-D58D-43A3-80C5-5A699BA5BDA0}.Debug|Any CPU.ActiveCfg = Debug|Any CPU
		{65327ED1-D58D-43A3-80C5-5A699BA5BDA0}.Debug|Any CPU.Build.0 = Debug|Any CPU
		{65327ED1-D58D-43A3-80C5-5A699BA5BDA0}.Release|Any CPU.ActiveCfg = Release|Any CPU
		{65327ED1-D58D-43A3-80C5-5A699BA5BDA0}.Release|Any CPU.Build.0 = Release|Any CPU
		{C7422C4B-5630-4DB8-9B04-2FC70534AD10}.Debug|Any CPU.ActiveCfg = Debug|Any CPU
		{C7422C4B-5630-4DB8-9B04-2FC70534AD10}.Debug|Any CPU.Build.0 = Debug|Any CPU
		{C7422C4B-5630-4DB8-9B04-2FC70534AD10}.Release|Any CPU.ActiveCfg = Release|Any CPU
		{C7422C4B-5630-4DB8-9B04-2FC70534AD10}.Release|Any CPU.Build.0 = Release|Any CPU
	EndGlobalSection
	GlobalSection(SolutionProperties) = preSolution
		HideSolutionNode = FALSE
	EndGlobalSection
	GlobalSection(ExtensibilityGlobals) = postSolution
		SolutionGuid = {348B502B-474D-4511-B9AE-527AB5BB9DB4}
	EndGlobalSection
EndGlobal
